
Microsoft Visual Studio Solution File, Format Version 12.00
# Visual Studio Version 16
VisualStudioVersion = 16.0.31112.23
MinimumVisualStudioVersion = 10.0.40219.1
Project("{FAE04EC0-301F-11D3-BF4B-00C04F79EFBC}") = "NewWorksop", "NewWorksop.csproj", "{BA3313A1-1E50-413F-B3D2-40B26870AA1B}"
EndProject
Global
	GlobalSection(SolutionConfigurationPlatforms) = preSolution
		Debug|Any CPU = Debug|Any CPU
		Release|Any CPU = Release|Any CPU
	EndGlobalSection
	GlobalSection(ProjectConfigurationPlatforms) = postSolution
		{BA3313A1-1E50-413F-B3D2-40B26870AA1B}.Debug|Any CPU.ActiveCfg = Debug|Any CPU
		{BA3313A1-1E50-413F-B3D2-40B26870AA1B}.Debug|Any CPU.Build.0 = Debug|Any CPU
		{BA3313A1-1E50-413F-B3D2-40B26870AA1B}.Release|Any CPU.ActiveCfg = Release|Any CPU
		{BA3313A1-1E50-413F-B3D2-40B26870AA1B}.Release|Any CPU.Build.0 = Release|Any CPU
	EndGlobalSection
	GlobalSection(SolutionProperties) = preSolution
		HideSolutionNode = FALSE
	EndGlobalSection
	GlobalSection(ExtensibilityGlobals) = postSolution
		SolutionGuid = {4166C974-99C4-43C2-99B8-F4CEBBBBB7C7}
	EndGlobalSection
EndGlobal
